github.com/go-sql-driver/mysql v1.7.0 h1:ueSltNNllEqE3qcWBTD0iQd3IpL/6U+mJxLkazJ7YPc=
github.com/go-sql-driver/mysql v1.7.0/go.mod h1:OXbVy3sEdcQ2Doequ6Z5BW6fXNQTmx+9S1MCJN5yJMI=
github.com/pocker-lab/goutils v0.0.0-20230309022001-f50dcdad579f h1:IrGjZLnndyjTY9TYO4l4aPQ1gisq80wdmk1ay13HCQ4=
github.com/pocker-lab/goutils v0.0.0-20230309022001-f50dcdad579f/go.mod h1:om9Cpdbb41XBTQZHPdT3ekNrtSACIHzInqQGzPVpMGM=
golang.org/x/text v0.8.0 h1:57P1ETyNKtuIjB4SRd15iJxuhj8Gc416Y78H3qgMh68=
golang.org/x/text v0.8.0/go.mod h1:e1OnstbJyHTd6l/uOt8jFFHp6TRDWZR/bV3emEE/zU8=
