github.com/go-sql-driver/mysql v1.7.0 h1:ueSltNNllEqE3qcWBTD0iQd3IpL/6U+mJxLkazJ7YPc=
github.com/go-sql-driver/mysql v1.7.0/go.mod h1:OXbVy3sEdcQ2Doequ6Z5BW6fXNQTmx+9S1MCJN5yJMI=
github.com/pocker-lab/goutils v0.0.0-20230305110938-6b1c9ce51204 h1:zHRbLg6ZXrp7cNlXmPVepiz2PWmEqeKC0MRKupEqp2s=
github.com/pocker-lab/goutils v0.0.0-20230305110938-6b1c9ce51204/go.mod h1:om9Cpdbb41XBTQZHPdT3ekNrtSACIHzInqQGzPVpMGM=
github.com/pocker-lab/goutils v0.0.0-20230308080255-05ddd8594b33 h1:mvBpLdlru5KtUqT+meUJFwt8hp48Vt7ryPexp88QCXk=
github.com/pocker-lab/goutils v0.0.0-20230308080255-05ddd8594b33/go.mod h1:om9Cpdbb41XBTQZHPdT3ekNrtSACIHzInqQGzPVpMGM=
github.com/pocker-lab/goutils v0.0.0-20230308080649-19f7aface27e h1:jzQaJIFUre3BnAY0R5OeM+7wD7E/tk5Pj77oFb+etH0=
github.com/pocker-lab/goutils v0.0.0-20230308080649-19f7aface27e/go.mod h1:om9Cpdbb41XBTQZHPdT3ekNrtSACIHzInqQGzPVpMGM=
github.com/pocker-lab/goutils v0.0.0-20230308081557-9a3e63fc2bd6 h1:4+hM3IXTsY7xTF6OUoDHV4m2VQf5zQU6/JRuF/FbDFw=
github.com/pocker-lab/goutils v0.0.0-20230308081557-9a3e63fc2bd6/go.mod h1:om9Cpdbb41XBTQZHPdT3ekNrtSACIHzInqQGzPVpMGM=
golang.org/x/text v0.8.0 h1:57P1ETyNKtuIjB4SRd15iJxuhj8Gc416Y78H3qgMh68=
golang.org/x/text v0.8.0/go.mod h1:e1OnstbJyHTd6l/uOt8jFFHp6TRDWZR/bV3emEE/zU8=
